
Microsoft Visual Studio Solution File, Format Version 12.00
Project("{FAE04EC0-301F-11D3-BF4B-00C04F79EFBC}") = "AutoMapperEFIssue", "AutoMapperEFIssue.csproj", "{EFAA0389-425D-4E15-B62C-54C03A2D95E5}"
EndProject
Global
	GlobalSection(SolutionConfigurationPlatforms) = preSolution
		Debug|Any CPU = Debug|Any CPU
		Release|Any CPU = Release|Any CPU
	EndGlobalSection
	GlobalSection(ProjectConfigurationPlatforms) = postSolution
		{EFAA0389-425D-4E15-B62C-54C03A2D95E5}.Debug|Any CPU.ActiveCfg = Debug|Any CPU
		{EFAA0389-425D-4E15-B62C-54C03A2D95E5}.Debug|Any CPU.Build.0 = Debug|Any CPU
		{EFAA0389-425D-4E15-B62C-54C03A2D95E5}.Release|Any CPU.ActiveCfg = Release|Any CPU
		{EFAA0389-425D-4E15-B62C-54C03A2D95E5}.Release|Any CPU.Build.0 = Release|Any CPU
	EndGlobalSection
EndGlobal
